
Microsoft Visual Studio Solution File, Format Version 11.00
# Visual Studio 2010
Project("{FAE04EC0-301F-11D3-BF4B-00C04F79EFBC}") = "Assembly-CSharp", "Assembly-CSharp.csproj", "{dff61d65-2312-b325-64cf-17f7c388ff41}"
EndProject
Project("{FAE04EC0-301F-11D3-BF4B-00C04F79EFBC}") = "Assembly-CSharp-Editor", "Assembly-CSharp-Editor.csproj", "{ed1b8fc6-a1e6-afcf-4aa6-191d5672db9c}"
EndProject
Global
	GlobalSection(SolutionConfigurationPlatforms) = preSolution
		Debug|Any CPU = Debug|Any CPU
	EndGlobalSection
	GlobalSection(ProjectConfigurationPlatforms) = postSolution
		{dff61d65-2312-b325-64cf-17f7c388ff41}.Debug|Any CPU.ActiveCfg = Debug|Any CPU
		{dff61d65-2312-b325-64cf-17f7c388ff41}.Debug|Any CPU.Build.0 = Debug|Any CPU
		{ed1b8fc6-a1e6-afcf-4aa6-191d5672db9c}.Debug|Any CPU.ActiveCfg = Debug|Any CPU
		{ed1b8fc6-a1e6-afcf-4aa6-191d5672db9c}.Debug|Any CPU.Build.0 = Debug|Any CPU
	EndGlobalSection
	GlobalSection(SolutionProperties) = preSolution
		HideSolutionNode = FALSE
	EndGlobalSection
EndGlobal
